
Microsoft Visual Studio Solution File, Format Version 12.00
# Visual Studio Version 16
VisualStudioVersion = 16.0.29905.134
MinimumVisualStudioVersion = 10.0.40219.1
Project("{FAE04EC0-301F-11D3-BF4B-00C04F79EFBC}") = "calculatorConsoleApp1", "calculatorConsoleApp1\calculatorConsoleApp1.csproj", "{A38821A9-8ECA-4077-A21C-6FD904821209}"
EndProject
Project("{FAE04EC0-301F-11D3-BF4B-00C04F79EFBC}") = "consoleWindowsFormsApp", "consoleWindowsFormsApp\consoleWindowsFormsApp.csproj", "{AD3F74F6-7DA1-4BDB-8AD9-51C778733390}"
EndProject
Global
	GlobalSection(SolutionConfigurationPlatforms) = preSolution
		Debug|Any CPU = Debug|Any CPU
		Release|Any CPU = Release|Any CPU
	EndGlobalSection
	GlobalSection(ProjectConfigurationPlatforms) = postSolution
		{A38821A9-8ECA-4077-A21C-6FD904821209}.Debug|Any CPU.ActiveCfg = Debug|Any CPU
		{A38821A9-8ECA-4077-A21C-6FD904821209}.Debug|Any CPU.Build.0 = Debug|Any CPU
		{A38821A9-8ECA-4077-A21C-6FD904821209}.Release|Any CPU.ActiveCfg = Release|Any CPU
		{A38821A9-8ECA-4077-A21C-6FD904821209}.Release|Any CPU.Build.0 = Release|Any CPU
		{AD3F74F6-7DA1-4BDB-8AD9-51C778733390}.Debug|Any CPU.ActiveCfg = Debug|Any CPU
		{AD3F74F6-7DA1-4BDB-8AD9-51C778733390}.Debug|Any CPU.Build.0 = Debug|Any CPU
		{AD3F74F6-7DA1-4BDB-8AD9-51C778733390}.Release|Any CPU.ActiveCfg = Release|Any CPU
		{AD3F74F6-7DA1-4BDB-8AD9-51C778733390}.Release|Any CPU.Build.0 = Release|Any CPU
	EndGlobalSection
	GlobalSection(SolutionProperties) = preSolution
		HideSolutionNode = FALSE
	EndGlobalSection
	GlobalSection(ExtensibilityGlobals) = postSolution
		SolutionGuid = {1C9AA16E-CB90-4ACE-9A09-C9BF2F27C7F6}
	EndGlobalSection
EndGlobal
